
Microsoft Visual Studio Solution File, Format Version 12.00
# Visual Studio 15
VisualStudioVersion = 15.0.27130.2027
MinimumVisualStudioVersion = 10.0.40219.1
Project("{FAE04EC0-301F-11D3-BF4B-00C04F79EFBC}") = "CoffeeMachine", "CoffeeMachine\CoffeeMachine.csproj", "{780C2E8C-DE39-48F2-B090-F3528EFBA4E7}"
EndProject
Global
	GlobalSection(SolutionConfigurationPlatforms) = preSolution
		Debug|Any CPU = Debug|Any CPU
		Release|Any CPU = Release|Any CPU
	EndGlobalSection
	GlobalSection(ProjectConfigurationPlatforms) = postSolution
		{780C2E8C-DE39-48F2-B090-F3528EFBA4E7}.Debug|Any CPU.ActiveCfg = Debug|Any CPU
		{780C2E8C-DE39-48F2-B090-F3528EFBA4E7}.Debug|Any CPU.Build.0 = Debug|Any CPU
		{780C2E8C-DE39-48F2-B090-F3528EFBA4E7}.Release|Any CPU.ActiveCfg = Release|Any CPU
		{780C2E8C-DE39-48F2-B090-F3528EFBA4E7}.Release|Any CPU.Build.0 = Release|Any CPU
	EndGlobalSection
	GlobalSection(SolutionProperties) = preSolution
		HideSolutionNode = FALSE
	EndGlobalSection
	GlobalSection(ExtensibilityGlobals) = postSolution
		SolutionGuid = {0E39E448-9BEC-445F-AC95-9D7DF78947A2}
	EndGlobalSection
EndGlobal
